
Microsoft Visual Studio Solution File, Format Version 12.00
# Visual Studio Version 17
VisualStudioVersion = 17.3.32901.215
MinimumVisualStudioVersion = 10.0.40219.1
Project("{FAE04EC0-301F-11D3-BF4B-00C04F79EFBC}") = "Practicas", "Practicas\Practicas.csproj", "{DC68E8B1-AAF3-460A-B3CF-699ED31C49A1}"
EndProject
Global
	GlobalSection(SolutionConfigurationPlatforms) = preSolution
		Debug|Any CPU = Debug|Any CPU
		Release|Any CPU = Release|Any CPU
	EndGlobalSection
	GlobalSection(ProjectConfigurationPlatforms) = postSolution
		{DC68E8B1-AAF3-460A-B3CF-699ED31C49A1}.Debug|Any CPU.ActiveCfg = Debug|Any CPU
		{DC68E8B1-AAF3-460A-B3CF-699ED31C49A1}.Debug|Any CPU.Build.0 = Debug|Any CPU
		{DC68E8B1-AAF3-460A-B3CF-699ED31C49A1}.Release|Any CPU.ActiveCfg = Release|Any CPU
		{DC68E8B1-AAF3-460A-B3CF-699ED31C49A1}.Release|Any CPU.Build.0 = Release|Any CPU
	EndGlobalSection
	GlobalSection(SolutionProperties) = preSolution
		HideSolutionNode = FALSE
	EndGlobalSection
	GlobalSection(ExtensibilityGlobals) = postSolution
		SolutionGuid = {BD99CD77-71A7-4169-8D14-5C80D012E6A8}
	EndGlobalSection
EndGlobal
